<Solution>
  <Folder Name="/Auth/">
    <Project Path="Auth/Auth.API/Auth.API.csproj" />
  </Folder>
  <Folder Name="/EventBus/">
    <Project Path="EventBus/EventBus.Core/EventBus.Core.csproj" />
    <Project Path="EventBus/EventBus.RabbitMQ/EventBus.RabbitMQ.csproj" />
  </Folder>
  <Folder Name="/EventManagement/">
    <Project Path="EventManagement/Event.API/Event.API.csproj" />
  </Folder>
  <Folder Name="/Payment/">
    <Project Path="Payment/Payment.API/Payment.API.csproj" />
    <Project Path="Payment/Payment.Core/Payment.Core.csproj" />
    <Project Path="Payment/Payment.Infrastructure/Payment.Infrastructure.csproj" />
  </Folder>
  <Folder Name="/Shared/">
    <Project Path="Shared/Eventbox.Contracts/Eventbox.Contracts.csproj" Id="e719e98a-e986-48fd-bb0b-01682facfb92" />
    <Project Path="Shared/Eventbox.Shared/Eventbox.Shared.csproj" />
  </Folder>
  <Folder Name="/Tests/">
    <Project Path="Tests/Eventbox.UnitTests/Eventbox.UnitTests.csproj" />
  </Folder>
  <Folder Name="/Ticketing/">
    <Project Path="Ticketing/Ticketing.API/Ticketing.API.csproj" />
    <Project Path="Ticketing/Ticketing.Application/Ticketing.Application.csproj" />
    <Project Path="Ticketing/Ticketing.Domain/Ticketing.Domain.csproj" />
    <Project Path="Ticketing/Ticketing.Infrastructure/Ticketing.Infrastructure.csproj" />
  </Folder>
  <Project Path="D:/Personal/Projects/eventbox-api/docker-compose.dcproj">
    <Build />
  </Project>
</Solution>
